hash: 7aed35da21d9a37f458c8250109a276796219ffa95d28f8db7de3d7a2b880534
updated: 2017-09-19T17:55:39.181148655+07:00
imports:
- name: github.com/go-ini/ini
  version: 20b96f641a5ea98f2f8619ff4f3e061cff4833bd
- name: github.com/goline/lapi
  version: 61d08333b950ba1e1b4c2eacb9bafb8af080d6fa
- name: github.com/mailru/easyjson
  version: 2a92e673c9a6302dd05c3a691ae1f24aef46457d
  subpackages:
  - buffer
  - jlexer
  - jwriter
testImports: []
